// !$*UTF8*$!
{
	archiveVersion = 1;
	classes = {
	};
	objectVersion = 46;
	objects = {

/* Begin PBXBuildFile section */
		252A140A1A2D7AEA00C4B5D3 /* Kahn.h in Headers */ = {isa = PBXBuildFile; fileRef = 252A14091A2D7AEA00C4B5D3 /* Kahn.h */; settings = {ATTRIBUTES = (Public, ); }; };
		252A14101A2D7AEA00C4B5D3 /* Kahn.framework in Frameworks */ = {isa = PBXBuildFile; fileRef = 252A14041A2D7AEA00C4B5D3 /* Kahn.framework */; };
		252A14171A2D7AEA00C4B5D3 /* KahnTests.swift in Sources */ = {isa = PBXBuildFile; fileRef = 252A14161A2D7AEA00C4B5D3 /* KahnTests.swift */; };
		D83325BA1A852CDC00852C3C /* JSONEndings.swift in Sources */ = {isa = PBXBuildFile; fileRef = D83325B91A852CDC00852C3C /* JSONEndings.swift */; };
		D83B47B01A8A73E900557713 /* NetworkHelpers.swift in Sources */ = {isa = PBXBuildFile; fileRef = D83B47AF1A8A73E900557713 /* NetworkHelpers.swift */; };
		D891F3331A83E2FB003F101B /* KAHN.swift in Sources */ = {isa = PBXBuildFile; fileRef = D891F3321A83E2FB003F101B /* KAHN.swift */; };
		D891F3351A83E459003F101B /* DefaultEndings.swift in Sources */ = {isa = PBXBuildFile; fileRef = D891F3341A83E459003F101B /* DefaultEndings.swift */; };
/* End PBXBuildFile section */

/* Begin PBXContainerItemProxy section */
		252A14111A2D7AEA00C4B5D3 /* PBXContainerItemProxy */ = {
			isa = PBXContainerItemProxy;
			containerPortal = 252A13FB1A2D7AEA00C4B5D3 /* Project object */;
			proxyType = 1;
			remoteGlobalIDString = 252A14031A2D7AEA00C4B5D3;
			remoteInfo = Kahn;
		};
/* End PBXContainerItemProxy section */

/* Begin PBXFileReference section */
		252A14041A2D7AEA00C4B5D3 /* Kahn.framework */ = {isa = PBXFileReference; explicitFileType = wrapper.framework; includeInIndex = 0; path = Kahn.framework; sourceTree = BUILT_PRODUCTS_DIR; };
		252A14081A2D7AEA00C4B5D3 /* Info.plist */ = {isa = PBXFileReference; lastKnownFileType = text.plist.xml; path = Info.plist; sourceTree = "<group>"; };
		252A14091A2D7AEA00C4B5D3 /* Kahn.h */ = {isa = PBXFileReference; lastKnownFileType = sourcecode.c.h; path = Kahn.h; sourceTree = "<group>"; };
		252A140F1A2D7AEA00C4B5D3 /* KahnTests.xctest */ = {isa = PBXFileReference; explicitFileType = wrapper.cfbundle; includeInIndex = 0; path = KahnTests.xctest; sourceTree = BUILT_PRODUCTS_DIR; };
		252A14151A2D7AEA00C4B5D3 /* Info.plist */ = {isa = PBXFileReference; lastKnownFileType = text.plist.xml; path = Info.plist; sourceTree = "<group>"; };
		252A14161A2D7AEA00C4B5D3 /* KahnTests.swift */ = {isa = PBXFileReference; lastKnownFileType = sourcecode.swift; path = KahnTests.swift; sourceTree = "<group>"; };
		D83325B91A852CDC00852C3C /* JSONEndings.swift */ = {isa = PBXFileReference; fileEncoding = 4; lastKnownFileType = sourcecode.swift; path = JSONEndings.swift; sourceTree = "<group>"; };
		D83B47AF1A8A73E900557713 /* NetworkHelpers.swift */ = {isa = PBXFileReference; fileEncoding = 4; lastKnownFileType = sourcecode.swift; path = NetworkHelpers.swift; sourceTree = "<group>"; };
		D891F3321A83E2FB003F101B /* KAHN.swift */ = {isa = PBXFileReference; fileEncoding = 4; lastKnownFileType = sourcecode.swift; path = KAHN.swift; sourceTree = "<group>"; };
		D891F3341A83E459003F101B /* DefaultEndings.swift */ = {isa = PBXFileReference; fileEncoding = 4; lastKnownFileType = sourcecode.swift; path = DefaultEndings.swift; sourceTree = "<group>"; };
/* End PBXFileReference section */

/* Begin PBXFrameworksBuildPhase section */
		252A14001A2D7AEA00C4B5D3 /* Frameworks */ = {
			isa = PBXFrameworksBuildPhase;
			buildActionMask = 2147483647;
			files = (
			);
			runOnlyForDeploymentPostprocessing = 0;
		};
		252A140C1A2D7AEA00C4B5D3 /* Frameworks */ = {
			isa = PBXFrameworksBuildPhase;
			buildActionMask = 2147483647;
			files = (
				252A14101A2D7AEA00C4B5D3 /* Kahn.framework in Frameworks */,
			);
			runOnlyForDeploymentPostprocessing = 0;
		};
/* End PBXFrameworksBuildPhase section */

/* Begin PBXGroup section */
		252A13FA1A2D7AEA00C4B5D3 = {
			isa = PBXGroup;
			children = (
				252A14061A2D7AEA00C4B5D3 /* Kahn */,
				252A14131A2D7AEA00C4B5D3 /* KahnTests */,
				252A14051A2D7AEA00C4B5D3 /* Products */,
			);
			sourceTree = "<group>";
		};
		252A14051A2D7AEA00C4B5D3 /* Products */ = {
			isa = PBXGroup;
			children = (
				252A14041A2D7AEA00C4B5D3 /* Kahn.framework */,
				252A140F1A2D7AEA00C4B5D3 /* KahnTests.xctest */,
			);
			name = Products;
			sourceTree = "<group>";
		};
		252A14061A2D7AEA00C4B5D3 /* Kahn */ = {
			isa = PBXGroup;
			children = (
				252A14091A2D7AEA00C4B5D3 /* Kahn.h */,
				D83B47AF1A8A73E900557713 /* NetworkHelpers.swift */,
				D83325B91A852CDC00852C3C /* JSONEndings.swift */,
				D891F3341A83E459003F101B /* DefaultEndings.swift */,
				D891F3321A83E2FB003F101B /* KAHN.swift */,
				252A14071A2D7AEA00C4B5D3 /* Supporting Files */,
			);
			path = Kahn;
			sourceTree = "<group>";
		};
		252A14071A2D7AEA00C4B5D3 /* Supporting Files */ = {
			isa = PBXGroup;
			children = (
				252A14081A2D7AEA00C4B5D3 /* Info.plist */,
			);
			name = "Supporting Files";
			sourceTree = "<group>";
		};
		252A14131A2D7AEA00C4B5D3 /* KahnTests */ = {
			isa = PBXGroup;
			children = (
				252A14161A2D7AEA00C4B5D3 /* KahnTests.swift */,
				252A14141A2D7AEA00C4B5D3 /* Supporting Files */,
			);
			path = KahnTests;
			sourceTree = "<group>";
		};
		252A14141A2D7AEA00C4B5D3 /* Supporting Files */ = {
			isa = PBXGroup;
			children = (
				252A14151A2D7AEA00C4B5D3 /* Info.plist */,
			);
			name = "Supporting Files";
			sourceTree = "<group>";
		};
/* End PBXGroup section */

/* Begin PBXHeadersBuildPhase section */
		252A14011A2D7AEA00C4B5D3 /* Headers */ = {
			isa = PBXHeadersBuildPhase;
			buildActionMask = 2147483647;
			files = (
				252A140A1A2D7AEA00C4B5D3 /* Kahn.h in Headers */,
			);
			runOnlyForDeploymentPostprocessing = 0;
		};
/* End PBXHeadersBuildPhase section */

/* Begin PBXNativeTarget section */
		252A14031A2D7AEA00C4B5D3 /* Kahn */ = {
			isa = PBXNativeTarget;
			buildConfigurationList = 252A141A1A2D7AEA00C4B5D3 /* Build configuration list for PBXNativeTarget "Kahn" */;
			buildPhases = (
				252A13FF1A2D7AEA00C4B5D3 /* Sources */,
				252A14001A2D7AEA00C4B5D3 /* Frameworks */,
				252A14011A2D7AEA00C4B5D3 /* Headers */,
				252A14021A2D7AEA00C4B5D3 /* Resources */,
			);
			buildRules = (
			);
			dependencies = (
			);
			name = Kahn;
			productName = Kahn;
			productReference = 252A14041A2D7AEA00C4B5D3 /* Kahn.framework */;
			productType = "com.apple.product-type.framework";
		};
		252A140E1A2D7AEA00C4B5D3 /* KahnTests */ = {
			isa = PBXNativeTarget;
			buildConfigurationList = 252A141D1A2D7AEA00C4B5D3 /* Build configuration list for PBXNativeTarget "KahnTests" */;
			buildPhases = (
				252A140B1A2D7AEA00C4B5D3 /* Sources */,
				252A140C1A2D7AEA00C4B5D3 /* Frameworks */,
				252A140D1A2D7AEA00C4B5D3 /* Resources */,
			);
			buildRules = (
			);
			dependencies = (
				252A14121A2D7AEA00C4B5D3 /* PBXTargetDependency */,
			);
			name = KahnTests;
			productName = KahnTests;
			productReference = 252A140F1A2D7AEA00C4B5D3 /* KahnTests.xctest */;
			productType = "com.apple.product-type.bundle.unit-test";
		};
/* End PBXNativeTarget section */

/* Begin PBXProject section */
		252A13FB1A2D7AEA00C4B5D3 /* Project object */ = {
			isa = PBXProject;
			attributes = {
				LastUpgradeCheck = 0610;
				ORGANIZATIONNAME = "Caleb Jonassaint";
				TargetAttributes = {
					252A14031A2D7AEA00C4B5D3 = {
						CreatedOnToolsVersion = 6.1;
					};
					252A140E1A2D7AEA00C4B5D3 = {
						CreatedOnToolsVersion = 6.1;
					};
				};
			};
			buildConfigurationList = 252A13FE1A2D7AEA00C4B5D3 /* Build configuration list for PBXProject "Kahn" */;
			compatibilityVersion = "Xcode 3.2";
			developmentRegion = English;
			hasScannedForEncodings = 0;
			knownRegions = (
				en,
			);
			mainGroup = 252A13FA1A2D7AEA00C4B5D3;
			productRefGroup = 252A14051A2D7AEA00C4B5D3 /* Products */;
			projectDirPath = "";
			projectRoot = "";
			targets = (
				252A14031A2D7AEA00C4B5D3 /* Kahn */,
				252A140E1A2D7AEA00C4B5D3 /* KahnTests */,
			);
		};
/* End PBXProject section */

/* Begin PBXResourcesBuildPhase section */
		252A14021A2D7AEA00C4B5D3 /* Resources */ = {
			isa = PBXResourcesBuildPhase;
			buildActionMask = 2147483647;
			files = (
			);
			runOnlyForDeploymentPostprocessing = 0;
		};
		252A140D1A2D7AEA00C4B5D3 /* Resources */ = {
			isa = PBXResourcesBuildPhase;
			buildActionMask = 2147483647;
			files = (
			);
			runOnlyForDeploymentPostprocessing = 0;
		};
/* End PBXResourcesBuildPhase section */

/* Begin PBXSourcesBuildPhase section */
		252A13FF1A2D7AEA00C4B5D3 /* Sources */ = {
			isa = PBXSourcesBuildPhase;
			buildActionMask = 2147483647;
			files = (
				D83B47B01A8A73E900557713 /* NetworkHelpers.swift in Sources */,
				D891F3331A83E2FB003F101B /* KAHN.swift in Sources */,
				D83325BA1A852CDC00852C3C /* JSONEndings.swift in Sources */,
				D891F3351A83E459003F101B /* DefaultEndings.swift in Sources */,
			);
			runOnlyForDeploymentPostprocessing = 0;
		};
		252A140B1A2D7AEA00C4B5D3 /* Sources */ = {
			isa = PBXSourcesBuildPhase;
			buildActionMask = 2147483647;
			files = (
				252A14171A2D7AEA00C4B5D3 /* KahnTests.swift in Sources */,
			);
			runOnlyForDeploymentPostprocessing = 0;
		};
/* End PBXSourcesBuildPhase section */

/* Begin PBXTargetDependency section */
		252A14121A2D7AEA00C4B5D3 /* PBXTargetDependency */ = {
			isa = PBXTargetDependency;
			target = 252A14031A2D7AEA00C4B5D3 /* Kahn */;
			targetProxy = 252A14111A2D7AEA00C4B5D3 /* PBXContainerItemProxy */;
		};
/* End PBXTargetDependency section */

/* Begin XCBuildConfiguration section */
		252A14181A2D7AEA00C4B5D3 /* Debug */ = {
			isa = XCBuildConfiguration;
			buildSettings = {
				ALWAYS_SEARCH_USER_PATHS = NO;
				CLANG_CXX_LANGUAGE_STANDARD = "gnu++0x";
				CLANG_CXX_LIBRARY = "libc++";
				CLANG_ENABLE_MODULES = YES;
				CLANG_ENABLE_OBJC_ARC = YES;
				CLANG_WARN_BOOL_CONVERSION = YES;
				CLANG_WARN_CONSTANT_CONVERSION = YES;
				CLANG_WARN_DIRECT_OBJC_ISA_USAGE = YES_ERROR;
				CLANG_WARN_EMPTY_BODY = YES;
				CLANG_WARN_ENUM_CONVERSION = YES;
				CLANG_WARN_INT_CONVERSION = YES;
				CLANG_WARN_OBJC_ROOT_CLASS = YES_ERROR;
				CLANG_WARN_UNREACHABLE_CODE = YES;
				CLANG_WARN__DUPLICATE_METHOD_MATCH = YES;
				"CODE_SIGN_IDENTITY[sdk=iphoneos*]" = "iPhone Developer";
				COPY_PHASE_STRIP = NO;
				CURRENT_PROJECT_VERSION = 1;
				ENABLE_STRICT_OBJC_MSGSEND = YES;
				GCC_C_LANGUAGE_STANDARD = gnu99;
				GCC_DYNAMIC_NO_PIC = NO;
				GCC_OPTIMIZATION_LEVEL = 0;
				GCC_PREPROCESSOR_DEFINITIONS = (
					"DEBUG=1",
					"$(inherited)",
				);
				GCC_SYMBOLS_PRIVATE_EXTERN = NO;
				GCC_WARN_64_TO_32_BIT_CONVERSION = YES;
				GCC_WARN_ABOUT_RETURN_TYPE = YES_ERROR;
				GCC_WARN_UNDECLARED_SELECTOR = YES;
				GCC_WARN_UNINITIALIZED_AUTOS = YES_AGGRESSIVE;
				GCC_WARN_UNUSED_FUNCTION = YES;
				GCC_WARN_UNUSED_VARIABLE = YES;
				IPHONEOS_DEPLOYMENT_TARGET = 8.1;
				MTL_ENABLE_DEBUG_INFO = YES;
				ONLY_ACTIVE_ARCH = YES;
				SDKROOT = iphoneos;
				SWIFT_OPTIMIZATION_LEVEL = "-Onone";
				TARGETED_DEVICE_FAMILY = "1,2";
				VERSIONING_SYSTEM = "apple-generic";
				VERSION_INFO_PREFIX = "";
			};
			name = Debug;
		};
		252A14191A2D7AEA00C4B5D3 /* Release */ = {
			isa = XCBuildConfiguration;
			buildSettings = {
				ALWAYS_SEARCH_USER_PATHS = NO;
				CLANG_CXX_LANGUAGE_STANDARD = "gnu++0x";
				CLANG_CXX_LIBRARY = "libc++";
				CLANG_ENABLE_MODULES = YES;
				CLANG_ENABLE_OBJC_ARC = YES;
				CLANG_WARN_BOOL_CONVERSION = YES;
				CLANG_WARN_CONSTANT_CONVERSION = YES;
				CLANG_WARN_DIRECT_OBJC_ISA_USAGE = YES_ERROR;
				CLANG_WARN_EMPTY_BODY = YES;
				CLANG_WARN_ENUM_CONVERSION = YES;
				CLANG_WARN_INT_CONVERSION = YES;
				CLANG_WARN_OBJC_ROOT_CLASS = YES_ERROR;
				CLANG_WARN_UNREACHABLE_CODE = YES;
				CLANG_WARN__DUPLICATE_METHOD_MATCH = YES;
				"CODE_SIGN_IDENTITY[sdk=iphoneos*]" = "iPhone Developer";
				COPY_PHASE_STRIP = YES;
				CURRENT_PROJECT_VERSION = 1;
				ENABLE_NS_ASSERTIONS = NO;
				ENABLE_STRICT_OBJC_MSGSEND = YES;
				GCC_C_LANGUAGE_STANDARD = gnu99;
				GCC_WARN_64_TO_32_BIT_CONVERSION = YES;
				GCC_WARN_ABOUT_RETURN_TYPE = YES_ERROR;
				GCC_WARN_UNDECLARED_SELECTOR = YES;
				GCC_WARN_UNINITIALIZED_AUTOS = YES_AGGRESSIVE;
				GCC_WARN_UNUSED_FUNCTION = YES;
				GCC_WARN_UNUSED_VARIABLE = YES;
				IPHONEOS_DEPLOYMENT_TARGET = 8.1;
				MTL_ENABLE_DEBUG_INFO = NO;
				SDKROOT = iphoneos;
				TARGETED_DEVICE_FAMILY = "1,2";
				VALIDATE_PRODUCT = YES;
				VERSIONING_SYSTEM = "apple-generic";
				VERSION_INFO_PREFIX = "";
			};
			name = Release;
		};
		252A141B1A2D7AEA00C4B5D3 /* Debug */ = {
			isa = XCBuildConfiguration;
			buildSettings = {
				CLANG_ENABLE_MODULES = YES;
				DEFINES_MODULE = YES;
				DYLIB_COMPATIBILITY_VERSION = 1;
				DYLIB_CURRENT_VERSION = 1;
				DYLIB_INSTALL_NAME_BASE = "@rpath";
				INFOPLIST_FILE = Kahn/Info.plist;
				INSTALL_PATH = "$(LOCAL_LIBRARY_DIR)/Frameworks";
				LD_RUNPATH_SEARCH_PATHS = "$(inherited) @executable_path/Frameworks @loader_path/Frameworks";
				PRODUCT_NAME = "$(TARGET_NAME)";
				SKIP_INSTALL = YES;
				SWIFT_OPTIMIZATION_LEVEL = "-Onone";
			};
			name = Debug;
		};
		252A141C1A2D7AEA00C4B5D3 /* Release */ = {
			isa = XCBuildConfiguration;
			buildSettings = {
				CLANG_ENABLE_MODULES = YES;
				DEFINES_MODULE = YES;
				DYLIB_COMPATIBILITY_VERSION = 1;
				DYLIB_CURRENT_VERSION = 1;
				DYLIB_INSTALL_NAME_BASE = "@rpath";
				INFOPLIST_FILE = Kahn/Info.plist;
				INSTALL_PATH = "$(LOCAL_LIBRARY_DIR)/Frameworks";
				LD_RUNPATH_SEARCH_PATHS = "$(inherited) @executable_path/Frameworks @loader_path/Frameworks";
				PRODUCT_NAME = "$(TARGET_NAME)";
				SKIP_INSTALL = YES;
			};
			name = Release;
		};
		252A141E1A2D7AEA00C4B5D3 /* Debug */ = {
			isa = XCBuildConfiguration;
			buildSettings = {
				FRAMEWORK_SEARCH_PATHS = (
					"$(SDKROOT)/Developer/Library/Frameworks",
					"$(inherited)",
				);
				GCC_PREPROCESSOR_DEFINITIONS = (
					"DEBUG=1",
					"$(inherited)",
				);
				INFOPLIST_FILE = KahnTests/Info.plist;
				LD_RUNPATH_SEARCH_PATHS = "$(inherited) @executable_path/Frameworks @loader_path/Frameworks";
				PRODUCT_NAME = "$(TARGET_NAME)";
			};
			name = Debug;
		};
		252A141F1A2D7AEA00C4B5D3 /* Release */ = {
			isa = XCBuildConfiguration;
			buildSettings = {
				FRAMEWORK_SEARCH_PATHS = (
					"$(SDKROOT)/Developer/Library/Frameworks",
					"$(inherited)",
				);
				INFOPLIST_FILE = KahnTests/Info.plist;
				LD_RUNPATH_SEARCH_PATHS = "$(inherited) @executable_path/Frameworks @loader_path/Frameworks";
				PRODUCT_NAME = "$(TARGET_NAME)";
			};
			name = Release;
		};
/* End XCBuildConfiguration section */

/* Begin XCConfigurationList section */
		252A13FE1A2D7AEA00C4B5D3 /* Build configuration list for PBXProject "Kahn" */ = {
			isa = XCConfigurationList;
			buildConfigurations = (
				252A14181A2D7AEA00C4B5D3 /* Debug */,
				252A14191A2D7AEA00C4B5D3 /* Release */,
			);
			defaultConfigurationIsVisible = 0;
			defaultConfigurationName = Release;
		};
		252A141A1A2D7AEA00C4B5D3 /* Build configuration list for PBXNativeTarget "Kahn" */ = {
			isa = XCConfigurationList;
			buildConfigurations = (
				252A141B1A2D7AEA00C4B5D3 /* Debug */,
				252A141C1A2D7AEA00C4B5D3 /* Release */,
			);
			defaultConfigurationIsVisible = 0;
			defaultConfigurationName = Release;
		};
		252A141D1A2D7AEA00C4B5D3 /* Build configuration list for PBXNativeTarget "KahnTests" */ = {
			isa = XCConfigurationList;
			buildConfigurations = (
				252A141E1A2D7AEA00C4B5D3 /* Debug */,
				252A141F1A2D7AEA00C4B5D3 /* Release */,
			);
			defaultConfigurationIsVisible = 0;
			defaultConfigurationName = Release;
		};
/* End XCConfigurationList section */
	};
	rootObject = 252A13FB1A2D7AEA00C4B5D3 /* Project object */;
}
